{
  "originHash" : "94f19f4db8b7e83051be32fbf2735d710e07d84e2f1c588a6c706affb8fd1bd1",
  "pins" : [
    {
      "identity" : "eventsource",
      "kind" : "remoteSourceControl",
      "location" : "https://github.com/mattt/eventsource.git",
      "state" : {
        "revision" : "a3a85a85214caf642abaa96ae664e4c772a59f6e",
        "version" : "1.4.1"
      }
    },
    {
      "identity" : "hackerrankkit",
      "kind" : "remoteSourceControl",
      "location" : "https://github.com/adamtheturtle/HackerRankKit.git",
      "state" : {
        "revision" : "f1c38425f4e21e3d582f6226f0090381c8de13b6",
        "version" : "0.8.1"
      }
    },
    {
      "identity" : "mcpkit",
      "kind" : "remoteSourceControl",
      "location" : "https://github.com/adamtheturtle/MCPKit.git",
      "state" : {
        "revision" : "29cd39ff8d7d15e024807a634ab1efb51ea9005c",
        "version" : "0.1.0"
      }
    },
    {
      "identity" : "paginatedrestclient",
      "kind" : "remoteSourceControl",
      "location" : "https://github.com/adamtheturtle/PaginatedRESTClient.git",
      "state" : {
        "revision" : "5a98c0b23073c81ccf3b28e4b8d0d7f33d302519",
        "version" : "0.2.0"
      }
    },
    {
      "identity" : "swift-atomics",
      "kind" : "remoteSourceControl",
      "location" : "https://github.com/apple/swift-atomics.git",
      "state" : {
        "revision" : "0442cb5a3f98ab802acb777929fdb446bda11a34",
        "version" : "1.3.1"
      }
    },
    {
      "identity" : "swift-collections",
      "kind" : "remoteSourceControl",
      "location" : "https://github.com/apple/swift-collections.git",
      "state" : {
        "revision" : "a0cb0954ecb21e4e31b0070e6ed5674e8556685a",
        "version" : "1.6.0"
      }
    },
    {
      "identity" : "swift-log",
      "kind" : "remoteSourceControl",
      "location" : "https://github.com/apple/swift-log.git",
      "state" : {
        "revision" : "a878e7f8f46cfc0e1125e565b5c08e7d5272dc9a",
        "version" : "1.14.0"
      }
    },
    {
      "identity" : "swift-nio",
      "kind" : "remoteSourceControl",
      "location" : "https://github.com/apple/swift-nio.git",
      "state" : {
        "revision" : "0b18836bd8b0162e7e17a995a3fbee20ed8f3b2b",
        "version" : "2.101.3"
      }
    },
    {
      "identity" : "swift-sdk",
      "kind" : "remoteSourceControl",
      "location" : "https://github.com/modelcontextprotocol/swift-sdk.git",
      "state" : {
        "revision" : "a0ae212ebf6eab5f754c3129608bc5557637e605",
        "version" : "0.12.1"
      }
    },
    {
      "identity" : "swift-system",
      "kind" : "remoteSourceControl",
      "location" : "https://github.com/apple/swift-system.git",
      "state" : {
        "revision" : "50688cacbd41d547e9eb9f7a213542340b7c442b",
        "version" : "1.7.5"
      }
    }
  ],
  "version" : 3
}
